{
  "object": {
    "pins": [
      {
        "package": "Socket",
        "repositoryURL": "https://github.com/IBM-Swift/BlueSocket",
        "state": {
          "branch": null,
          "revision": "c46a3d41f5b2401d18bcb46d0101cdc5cd13e307",
          "version": "1.0.52"
        }
      },
      {
        "package": "BoteCore",
        "repositoryURL": "https://gitlab.com/columbbus/BoteCore.git",
        "state": {
          "branch": null,
          "revision": "aa1a14e9dba4c90807d0b5dad6f1330b47ce59f8",
          "version": "0.2.9"
        }
      },
      {
        "package": "EonilFSEvents",
        "repositoryURL": "https://github.com/eonil/FSEvents.git",
        "state": {
          "branch": null,
          "revision": "94c1f47584f37930333e4f8c0f74a61fcd247311",
          "version": "0.1.6"
        }
      },
      {
        "package": "Shout",
        "repositoryURL": "https://github.com/jakeheis/Shout.git",
        "state": {
          "branch": null,
          "revision": "dbb02940a3a96c2f126079891589902a562d0e8d",
          "version": "0.5.4"
        }
      }
    ]
  },
  "version": 1
}
